// !$*UTF8*$!
{
	archiveVersion = 1;
	classes = {
	};
	objectVersion = 45;
	objects = {

/* Begin PBXBuildFile section */
		1D3623260D0F684500981E51 /* KopiAppDelegate.m in Sources */ = {isa = PBXBuildFile; fileRef = 1D3623250D0F684500981E51 /* KopiAppDelegate.m */; };
		1D60589B0D05DD56006BFB54 /* main.m in Sources */ = {isa = PBXBuildFile; fileRef = 29B97316FDCFA39411CA2CEA /* main.m */; };
		1D60589F0D05DD5A006BFB54 /* Foundation.framework in Frameworks */ = {isa = PBXBuildFile; fileRef = 1D30AB110D05D00D00671497 /* Foundation.framework */; };
		1DF5F4E00D08C38300B7A737 /* UIKit.framework in Frameworks */ = {isa = PBXBuildFile; fileRef = 1DF5F4DF0D08C38300B7A737 /* UIKit.framework */; };
		288765A50DF7441C002DB57D /* CoreGraphics.framework in Frameworks */ = {isa = PBXBuildFile; fileRef = 288765A40DF7441C002DB57D /* CoreGraphics.framework */; };
		2899E5220DE3E06400AC0155 /* KopiViewController.xib in Resources */ = {isa = PBXBuildFile; fileRef = 2899E5210DE3E06400AC0155 /* KopiViewController.xib */; };
		28AD733F0D9D9553002E5188 /* MainWindow.xib in Resources */ = {isa = PBXBuildFile; fileRef = 28AD733E0D9D9553002E5188 /* MainWindow.xib */; };
		28D7ACF80DDB3853001CB0EB /* KopiViewController.m in Sources */ = {isa = PBXBuildFile; fileRef = 28D7ACF70DDB3853001CB0EB /* KopiViewController.m */; };
		E240AA3E1161F1C000CF98E3 /* KopiIcon.png in Resources */ = {isa = PBXBuildFile; fileRef = E240AA3D1161F1C000CF98E3 /* KopiIcon.png */; };
		E240AAF11162021A00CF98E3 /* libAdMobDevice.a in Frameworks */ = {isa = PBXBuildFile; fileRef = E240AAEF1162021A00CF98E3 /* libAdMobDevice.a */; };
		E240AAF21162021A00CF98E3 /* libAdMobSimulator.a in Frameworks */ = {isa = PBXBuildFile; fileRef = E240AAF01162021A00CF98E3 /* libAdMobSimulator.a */; };
		E240AB091162026B00CF98E3 /* AdViewController.m in Sources */ = {isa = PBXBuildFile; fileRef = E240AB081162026B00CF98E3 /* AdViewController.m */; };
		E24508CE1194028A007D41BD /* AVFoundation.framework in Frameworks */ = {isa = PBXBuildFile; fileRef = E24508CD1194028A007D41BD /* AVFoundation.framework */; };
		E24BCB4011B3AFCA00627D62 /* ChlkBoard.m in Sources */ = {isa = PBXBuildFile; fileRef = E24BCB3F11B3AFCA00627D62 /* ChlkBoard.m */; };
		E24BCB9711B3B6CB00627D62 /* NSObject+SBJSON.m in Sources */ = {isa = PBXBuildFile; fileRef = E24BCB8C11B3B6CB00627D62 /* NSObject+SBJSON.m */; };
		E24BCB9811B3B6CB00627D62 /* NSString+SBJSON.m in Sources */ = {isa = PBXBuildFile; fileRef = E24BCB8E11B3B6CB00627D62 /* NSString+SBJSON.m */; };
		E24BCB9911B3B6CB00627D62 /* SBJSON.m in Sources */ = {isa = PBXBuildFile; fileRef = E24BCB9011B3B6CB00627D62 /* SBJSON.m */; };
		E24BCB9A11B3B6CB00627D62 /* SBJsonBase.m in Sources */ = {isa = PBXBuildFile; fileRef = E24BCB9211B3B6CB00627D62 /* SBJsonBase.m */; };
		E24BCB9B11B3B6CB00627D62 /* SBJsonParser.m in Sources */ = {isa = PBXBuildFile; fileRef = E24BCB9411B3B6CB00627D62 /* SBJsonParser.m */; };
		E24BCB9C11B3B6CB00627D62 /* SBJsonWriter.m in Sources */ = {isa = PBXBuildFile; fileRef = E24BCB9611B3B6CB00627D62 /* SBJsonWriter.m */; };
		E28D41B31192A2510094C255 /* gadai.wav in Resources */ = {isa = PBXBuildFile; fileRef = E28D41AA1192A2510094C255 /* gadai.wav */; };
		E28D41B41192A2510094C255 /* gao.wav in Resources */ = {isa = PBXBuildFile; fileRef = E28D41AB1192A2510094C255 /* gao.wav */; };
		E28D41B51192A2510094C255 /* kopi.wav in Resources */ = {isa = PBXBuildFile; fileRef = E28D41AC1192A2510094C255 /* kopi.wav */; };
		E28D41B61192A2510094C255 /* kosong.wav in Resources */ = {isa = PBXBuildFile; fileRef = E28D41AD1192A2510094C255 /* kosong.wav */; };
		E28D41B71192A2510094C255 /* o.wav in Resources */ = {isa = PBXBuildFile; fileRef = E28D41AE1192A2510094C255 /* o.wav */; };
		E28D41B81192A2510094C255 /* peng.wav in Resources */ = {isa = PBXBuildFile; fileRef = E28D41AF1192A2510094C255 /* peng.wav */; };
		E28D41B91192A2510094C255 /* p'oh.wav in Resources */ = {isa = PBXBuildFile; fileRef = E28D41B01192A2510094C255 /* p'oh.wav */; };
		E28D41BA1192A2510094C255 /* see.wav in Resources */ = {isa = PBXBuildFile; fileRef = E28D41B11192A2510094C255 /* see.wav */; };
		E28D41BB1192A2510094C255 /* siewdai.wav in Resources */ = {isa = PBXBuildFile; fileRef = E28D41B21192A2510094C255 /* siewdai.wav */; };
		E299F66B1154AD7800F8B9C3 /* CoreLocation.framework in Frameworks */ = {isa = PBXBuildFile; fileRef = E299F66A1154AD7800F8B9C3 /* CoreLocation.framework */; };
		E299F66F1154AD8400F8B9C3 /* QuartzCore.framework in Frameworks */ = {isa = PBXBuildFile; fileRef = E299F66E1154AD8400F8B9C3 /* QuartzCore.framework */; };
		E299F6731154AD9000F8B9C3 /* AddressBook.framework in Frameworks */ = {isa = PBXBuildFile; fileRef = E299F6721154AD9000F8B9C3 /* AddressBook.framework */; };
		E299F6771154ADAB00F8B9C3 /* AudioToolbox.framework in Frameworks */ = {isa = PBXBuildFile; fileRef = E299F6761154ADAB00F8B9C3 /* AudioToolbox.framework */; };
		E299F67B1154ADB600F8B9C3 /* MediaPlayer.framework in Frameworks */ = {isa = PBXBuildFile; fileRef = E299F67A1154ADB600F8B9C3 /* MediaPlayer.framework */; };
		E299F67F1154ADC500F8B9C3 /* MessageUI.framework in Frameworks */ = {isa = PBXBuildFile; fileRef = E299F67E1154ADC500F8B9C3 /* MessageUI.framework */; };
		E2BF14D41151D5C600E35F42 /* Drinks.plist in Resources */ = {isa = PBXBuildFile; fileRef = E2BF14D31151D5C600E35F42 /* Drinks.plist */; };
/* End PBXBuildFile section */

/* Begin PBXFileReference section */
		1D30AB110D05D00D00671497 /* Foundation.framework */ = {isa = PBXFileReference; lastKnownFileType = wrapper.framework; name = Foundation.framework; path = System/Library/Frameworks/Foundation.framework; sourceTree = SDKROOT; };
		1D3623240D0F684500981E51 /* KopiAppDelegate.h */ = {isa = PBXFileReference; fileEncoding = 4; lastKnownFileType = sourcecode.c.h; path = KopiAppDelegate.h; sourceTree = "<group>"; };
		1D3623250D0F684500981E51 /* KopiAppDelegate.m */ = {isa = PBXFileReference; fileEncoding = 4; lastKnownFileType = sourcecode.c.objc; path = KopiAppDelegate.m; sourceTree = "<group>"; };
		1D6058910D05DD3D006BFB54 /* Kopi.app */ = {isa = PBXFileReference; explicitFileType = wrapper.application; includeInIndex = 0; path = Kopi.app; sourceTree = BUILT_PRODUCTS_DIR; };
		1DF5F4DF0D08C38300B7A737 /* UIKit.framework */ = {isa = PBXFileReference; lastKnownFileType = wrapper.framework; name = UIKit.framework; path = System/Library/Frameworks/UIKit.framework; sourceTree = SDKROOT; };
		288765A40DF7441C002DB57D /* CoreGraphics.framework */ = {isa = PBXFileReference; lastKnownFileType = wrapper.framework; name = CoreGraphics.framework; path = System/Library/Frameworks/CoreGraphics.framework; sourceTree = SDKROOT; };
		2899E5210DE3E06400AC0155 /* KopiViewController.xib */ = {isa = PBXFileReference; lastKnownFileType = file.xib; path = KopiViewController.xib; sourceTree = "<group>"; };
		28AD733E0D9D9553002E5188 /* MainWindow.xib */ = {isa = PBXFileReference; lastKnownFileType = file.xib; path = MainWindow.xib; sourceTree = "<group>"; };
		28D7ACF60DDB3853001CB0EB /* KopiViewController.h */ = {isa = PBXFileReference; fileEncoding = 4; lastKnownFileType = sourcecode.c.h; path = KopiViewController.h; sourceTree = "<group>"; };
		28D7ACF70DDB3853001CB0EB /* KopiViewController.m */ = {isa = PBXFileReference; fileEncoding = 4; lastKnownFileType = sourcecode.c.objc; path = KopiViewController.m; sourceTree = "<group>"; };
		29B97316FDCFA39411CA2CEA /* main.m */ = {isa = PBXFileReference; fileEncoding = 4; lastKnownFileType = sourcecode.c.objc; path = main.m; sourceTree = "<group>"; };
		32CA4F630368D1EE00C91783 /* Kopi_Prefix.pch */ = {isa = PBXFileReference; fileEncoding = 4; lastKnownFileType = sourcecode.c.h; path = Kopi_Prefix.pch; sourceTree = "<group>"; };
		8D1107310486CEB800E47090 /* Kopi-Info.plist */ = {isa = PBXFileReference; fileEncoding = 4; lastKnownFileType = text.plist.xml; path = "Kopi-Info.plist"; plistStructureDefinitionIdentifier = "com.apple.xcode.plist.structure-definition.iphone.info-plist"; sourceTree = "<group>"; };
		E240AA3D1161F1C000CF98E3 /* KopiIcon.png */ = {isa = PBXFileReference; lastKnownFileType = image.png; name = KopiIcon.png; path = ../../KopiIcon.png; sourceTree = SOURCE_ROOT; };
		E240AAEF1162021A00CF98E3 /* libAdMobDevice.a */ = {isa = PBXFileReference; lastKnownFileType = archive.ar; name = libAdMobDevice.a; path = ../../../iPhone/admob_iphone_sdk/extras/libAdMobDevice.a; sourceTree = SOURCE_ROOT; };
		E240AAF01162021A00CF98E3 /* libAdMobSimulator.a */ = {isa = PBXFileReference; lastKnownFileType = archive.ar; name = libAdMobSimulator.a; path = ../../../iPhone/admob_iphone_sdk/extras/libAdMobSimulator.a; sourceTree = SOURCE_ROOT; };
		E240AB051162023A00CF98E3 /* AdMobDelegateProtocol.h */ = {isa = PBXFileReference; fileEncoding = 4; lastKnownFileType = sourcecode.c.h; name = AdMobDelegateProtocol.h; path = ../../../iPhone/admob_iphone_sdk/AdMob/AdMobDelegateProtocol.h; sourceTree = SOURCE_ROOT; };
		E240AB061162025400CF98E3 /* AdMobView.h */ = {isa = PBXFileReference; fileEncoding = 4; lastKnownFileType = sourcecode.c.h; name = AdMobView.h; path = ../../../iPhone/admob_iphone_sdk/AdMob/AdMobView.h; sourceTree = SOURCE_ROOT; };
		E240AB071162026B00CF98E3 /* AdViewController.h */ = {isa = PBXFileReference; fileEncoding = 4; lastKnownFileType = sourcecode.c.h; name = AdViewController.h; path = ../../../iPhone/admob_iphone_sdk/IBSupport/AdViewController.h; sourceTree = SOURCE_ROOT; };
		E240AB081162026B00CF98E3 /* AdViewController.m */ = {isa = PBXFileReference; fileEncoding = 4; lastKnownFileType = sourcecode.c.objc; name = AdViewController.m; path = ../../../iPhone/admob_iphone_sdk/IBSupport/AdViewController.m; sourceTree = SOURCE_ROOT; };
		E24508CD1194028A007D41BD /* AVFoundation.framework */ = {isa = PBXFileReference; lastKnownFileType = wrapper.framework; name = AVFoundation.framework; path = System/Library/Frameworks/AVFoundation.framework; sourceTree = SDKROOT; };
		E24BCB3E11B3AFCA00627D62 /* ChlkBoard.h */ = {isa = PBXFileReference; fileEncoding = 4; lastKnownFileType = sourcecode.c.h; path = ChlkBoard.h; sourceTree = "<group>"; };
		E24BCB3F11B3AFCA00627D62 /* ChlkBoard.m */ = {isa = PBXFileReference; fileEncoding = 4; lastKnownFileType = sourcecode.c.objc; path = ChlkBoard.m; sourceTree = "<group>"; };
		E24BCB8A11B3B6CB00627D62 /* JSON.h */ = {isa = PBXFileReference; fileEncoding = 4; lastKnownFileType = sourcecode.c.h; path = JSON.h; sourceTree = "<group>"; };
		E24BCB8B11B3B6CB00627D62 /* NSObject+SBJSON.h */ = {isa = PBXFileReference; fileEncoding = 4; lastKnownFileType = sourcecode.c.h; path = "NSObject+SBJSON.h"; sourceTree = "<group>"; };
		E24BCB8C11B3B6CB00627D62 /* NSObject+SBJSON.m */ = {isa = PBXFileReference; fileEncoding = 4; lastKnownFileType = sourcecode.c.objc; path = "NSObject+SBJSON.m"; sourceTree = "<group>"; };
		E24BCB8D11B3B6CB00627D62 /* NSString+SBJSON.h */ = {isa = PBXFileReference; fileEncoding = 4; lastKnownFileType = sourcecode.c.h; path = "NSString+SBJSON.h"; sourceTree = "<group>"; };
		E24BCB8E11B3B6CB00627D62 /* NSString+SBJSON.m */ = {isa = PBXFileReference; fileEncoding = 4; lastKnownFileType = sourcecode.c.objc; path = "NSString+SBJSON.m"; sourceTree = "<group>"; };
		E24BCB8F11B3B6CB00627D62 /* SBJSON.h */ = {isa = PBXFileReference; fileEncoding = 4; lastKnownFileType = sourcecode.c.h; path = SBJSON.h; sourceTree = "<group>"; };
		E24BCB9011B3B6CB00627D62 /* SBJSON.m */ = {isa = PBXFileReference; fileEncoding = 4; lastKnownFileType = sourcecode.c.objc; path = SBJSON.m; sourceTree = "<group>"; };
		E24BCB9111B3B6CB00627D62 /* SBJsonBase.h */ = {isa = PBXFileReference; fileEncoding = 4; lastKnownFileType = sourcecode.c.h; path = SBJsonBase.h; sourceTree = "<group>"; };
		E24BCB9211B3B6CB00627D62 /* SBJsonBase.m */ = {isa = PBXFileReference; fileEncoding = 4; lastKnownFileType = sourcecode.c.objc; path = SBJsonBase.m; sourceTree = "<group>"; };
		E24BCB9311B3B6CB00627D62 /* SBJsonParser.h */ = {isa = PBXFileReference; fileEncoding = 4; lastKnownFileType = sourcecode.c.h; path = SBJsonParser.h; sourceTree = "<group>"; };
		E24BCB9411B3B6CB00627D62 /* SBJsonParser.m */ = {isa = PBXFileReference; fileEncoding = 4; lastKnownFileType = sourcecode.c.objc; path = SBJsonParser.m; sourceTree = "<group>"; };
		E24BCB9511B3B6CB00627D62 /* SBJsonWriter.h */ = {isa = PBXFileReference; fileEncoding = 4; lastKnownFileType = sourcecode.c.h; path = SBJsonWriter.h; sourceTree = "<group>"; };
		E24BCB9611B3B6CB00627D62 /* SBJsonWriter.m */ = {isa = PBXFileReference; fileEncoding = 4; lastKnownFileType = sourcecode.c.objc; path = SBJsonWriter.m; sourceTree = "<group>"; };
		E28D41AA1192A2510094C255 /* gadai.wav */ = {isa = PBXFileReference; lastKnownFileType = audio.wav; name = gadai.wav; path = ../../Soundclips/gadai.wav; sourceTree = SOURCE_ROOT; };
		E28D41AB1192A2510094C255 /* gao.wav */ = {isa = PBXFileReference; lastKnownFileType = audio.wav; name = gao.wav; path = ../../Soundclips/gao.wav; sourceTree = SOURCE_ROOT; };
		E28D41AC1192A2510094C255 /* kopi.wav */ = {isa = PBXFileReference; lastKnownFileType = audio.wav; name = kopi.wav; path = ../../Soundclips/kopi.wav; sourceTree = SOURCE_ROOT; };
		E28D41AD1192A2510094C255 /* kosong.wav */ = {isa = PBXFileReference; lastKnownFileType = audio.wav; name = kosong.wav; path = ../../Soundclips/kosong.wav; sourceTree = SOURCE_ROOT; };
		E28D41AE1192A2510094C255 /* o.wav */ = {isa = PBXFileReference; lastKnownFileType = audio.wav; name = o.wav; path = ../../Soundclips/o.wav; sourceTree = SOURCE_ROOT; };
		E28D41AF1192A2510094C255 /* peng.wav */ = {isa = PBXFileReference; lastKnownFileType = audio.wav; name = peng.wav; path = ../../Soundclips/peng.wav; sourceTree = SOURCE_ROOT; };
		E28D41B01192A2510094C255 /* p'oh.wav */ = {isa = PBXFileReference; lastKnownFileType = audio.wav; name = "p'oh.wav"; path = "../../Soundclips/p'oh.wav"; sourceTree = SOURCE_ROOT; };
		E28D41B11192A2510094C255 /* see.wav */ = {isa = PBXFileReference; lastKnownFileType = audio.wav; name = see.wav; path = ../../Soundclips/see.wav; sourceTree = SOURCE_ROOT; };
		E28D41B21192A2510094C255 /* siewdai.wav */ = {isa = PBXFileReference; lastKnownFileType = audio.wav; name = siewdai.wav; path = ../../Soundclips/siewdai.wav; sourceTree = SOURCE_ROOT; };
		E299F66A1154AD7800F8B9C3 /* CoreLocation.framework */ = {isa = PBXFileReference; lastKnownFileType = wrapper.framework; name = CoreLocation.framework; path = System/Library/Frameworks/CoreLocation.framework; sourceTree = SDKROOT; };
		E299F66E1154AD8400F8B9C3 /* QuartzCore.framework */ = {isa = PBXFileReference; lastKnownFileType = wrapper.framework; name = QuartzCore.framework; path = System/Library/Frameworks/QuartzCore.framework; sourceTree = SDKROOT; };
		E299F6721154AD9000F8B9C3 /* AddressBook.framework */ = {isa = PBXFileReference; lastKnownFileType = wrapper.framework; name = AddressBook.framework; path = System/Library/Frameworks/AddressBook.framework; sourceTree = SDKROOT; };
		E299F6761154ADAB00F8B9C3 /* AudioToolbox.framework */ = {isa = PBXFileReference; lastKnownFileType = wrapper.framework; name = AudioToolbox.framework; path = System/Library/Frameworks/AudioToolbox.framework; sourceTree = SDKROOT; };
		E299F67A1154ADB600F8B9C3 /* MediaPlayer.framework */ = {isa = PBXFileReference; lastKnownFileType = wrapper.framework; name = MediaPlayer.framework; path = System/Library/Frameworks/MediaPlayer.framework; sourceTree = SDKROOT; };
		E299F67E1154ADC500F8B9C3 /* MessageUI.framework */ = {isa = PBXFileReference; lastKnownFileType = wrapper.framework; name = MessageUI.framework; path = System/Library/Frameworks/MessageUI.framework; sourceTree = SDKROOT; };
		E2BF14D31151D5C600E35F42 /* Drinks.plist */ = {isa = PBXFileReference; fileEncoding = 4; lastKnownFileType = text.plist.xml; path = Drinks.plist; sourceTree = "<group>"; };
/* End PBXFileReference section */

/* Begin PBXFrameworksBuildPhase section */
		1D60588F0D05DD3D006BFB54 /* Frameworks */ = {
			isa = PBXFrameworksBuildPhase;
			buildActionMask = 2147483647;
			files = (
				1D60589F0D05DD5A006BFB54 /* Foundation.framework in Frameworks */,
				1DF5F4E00D08C38300B7A737 /* UIKit.framework in Frameworks */,
				288765A50DF7441C002DB57D /* CoreGraphics.framework in Frameworks */,
				E299F66B1154AD7800F8B9C3 /* CoreLocation.framework in Frameworks */,
				E299F66F1154AD8400F8B9C3 /* QuartzCore.framework in Frameworks */,
				E299F6731154AD9000F8B9C3 /* AddressBook.framework in Frameworks */,
				E299F6771154ADAB00F8B9C3 /* AudioToolbox.framework in Frameworks */,
				E299F67B1154ADB600F8B9C3 /* MediaPlayer.framework in Frameworks */,
				E299F67F1154ADC500F8B9C3 /* MessageUI.framework in Frameworks */,
				E240AAF11162021A00CF98E3 /* libAdMobDevice.a in Frameworks */,
				E240AAF21162021A00CF98E3 /* libAdMobSimulator.a in Frameworks */,
				E24508CE1194028A007D41BD /* AVFoundation.framework in Frameworks */,
			);
			runOnlyForDeploymentPostprocessing = 0;
		};
/* End PBXFrameworksBuildPhase section */

/* Begin PBXGroup section */
		080E96DDFE201D6D7F000001 /* Classes */ = {
			isa = PBXGroup;
			children = (
				E24BCB8911B3B6CB00627D62 /* JSON */,
				E240AB071162026B00CF98E3 /* AdViewController.h */,
				E240AB081162026B00CF98E3 /* AdViewController.m */,
				E240AB061162025400CF98E3 /* AdMobView.h */,
				E240AB051162023A00CF98E3 /* AdMobDelegateProtocol.h */,
				1D3623240D0F684500981E51 /* KopiAppDelegate.h */,
				1D3623250D0F684500981E51 /* KopiAppDelegate.m */,
				28D7ACF60DDB3853001CB0EB /* KopiViewController.h */,
				28D7ACF70DDB3853001CB0EB /* KopiViewController.m */,
				E24BCB3E11B3AFCA00627D62 /* ChlkBoard.h */,
				E24BCB3F11B3AFCA00627D62 /* ChlkBoard.m */,
			);
			path = Classes;
			sourceTree = "<group>";
		};
		19C28FACFE9D520D11CA2CBB /* Products */ = {
			isa = PBXGroup;
			children = (
				1D6058910D05DD3D006BFB54 /* Kopi.app */,
			);
			name = Products;
			sourceTree = "<group>";
		};
		29B97314FDCFA39411CA2CEA /* CustomTemplate */ = {
			isa = PBXGroup;
			children = (
				080E96DDFE201D6D7F000001 /* Classes */,
				29B97315FDCFA39411CA2CEA /* Other Sources */,
				29B97317FDCFA39411CA2CEA /* Resources */,
				29B97323FDCFA39411CA2CEA /* Frameworks */,
				19C28FACFE9D520D11CA2CBB /* Products */,
			);
			name = CustomTemplate;
			sourceTree = "<group>";
		};
		29B97315FDCFA39411CA2CEA /* Other Sources */ = {
			isa = PBXGroup;
			children = (
				32CA4F630368D1EE00C91783 /* Kopi_Prefix.pch */,
				29B97316FDCFA39411CA2CEA /* main.m */,
			);
			name = "Other Sources";
			sourceTree = "<group>";
		};
		29B97317FDCFA39411CA2CEA /* Resources */ = {
			isa = PBXGroup;
			children = (
				E28D41A21192A23B0094C255 /* soundclips */,
				E240AA3D1161F1C000CF98E3 /* KopiIcon.png */,
				2899E5210DE3E06400AC0155 /* KopiViewController.xib */,
				28AD733E0D9D9553002E5188 /* MainWindow.xib */,
				8D1107310486CEB800E47090 /* Kopi-Info.plist */,
				E2BF14D31151D5C600E35F42 /* Drinks.plist */,
			);
			name = Resources;
			sourceTree = "<group>";
		};
		29B97323FDCFA39411CA2CEA /* Frameworks */ = {
			isa = PBXGroup;
			children = (
				E240AAEF1162021A00CF98E3 /* libAdMobDevice.a */,
				E240AAF01162021A00CF98E3 /* libAdMobSimulator.a */,
				1DF5F4DF0D08C38300B7A737 /* UIKit.framework */,
				1D30AB110D05D00D00671497 /* Foundation.framework */,
				288765A40DF7441C002DB57D /* CoreGraphics.framework */,
				E299F66A1154AD7800F8B9C3 /* CoreLocation.framework */,
				E299F66E1154AD8400F8B9C3 /* QuartzCore.framework */,
				E299F6721154AD9000F8B9C3 /* AddressBook.framework */,
				E299F6761154ADAB00F8B9C3 /* AudioToolbox.framework */,
				E299F67A1154ADB600F8B9C3 /* MediaPlayer.framework */,
				E299F67E1154ADC500F8B9C3 /* MessageUI.framework */,
				E24508CD1194028A007D41BD /* AVFoundation.framework */,
			);
			name = Frameworks;
			sourceTree = "<group>";
		};
		E24BCB8911B3B6CB00627D62 /* JSON */ = {
			isa = PBXGroup;
			children = (
				E24BCB8A11B3B6CB00627D62 /* JSON.h */,
				E24BCB8B11B3B6CB00627D62 /* NSObject+SBJSON.h */,
				E24BCB8C11B3B6CB00627D62 /* NSObject+SBJSON.m */,
				E24BCB8D11B3B6CB00627D62 /* NSString+SBJSON.h */,
				E24BCB8E11B3B6CB00627D62 /* NSString+SBJSON.m */,
				E24BCB8F11B3B6CB00627D62 /* SBJSON.h */,
				E24BCB9011B3B6CB00627D62 /* SBJSON.m */,
				E24BCB9111B3B6CB00627D62 /* SBJsonBase.h */,
				E24BCB9211B3B6CB00627D62 /* SBJsonBase.m */,
				E24BCB9311B3B6CB00627D62 /* SBJsonParser.h */,
				E24BCB9411B3B6CB00627D62 /* SBJsonParser.m */,
				E24BCB9511B3B6CB00627D62 /* SBJsonWriter.h */,
				E24BCB9611B3B6CB00627D62 /* SBJsonWriter.m */,
			);
			path = JSON;
			sourceTree = "<group>";
		};
		E28D41A21192A23B0094C255 /* soundclips */ = {
			isa = PBXGroup;
			children = (
				E28D41AA1192A2510094C255 /* gadai.wav */,
				E28D41AB1192A2510094C255 /* gao.wav */,
				E28D41AC1192A2510094C255 /* kopi.wav */,
				E28D41AD1192A2510094C255 /* kosong.wav */,
				E28D41AE1192A2510094C255 /* o.wav */,
				E28D41AF1192A2510094C255 /* peng.wav */,
				E28D41B01192A2510094C255 /* p'oh.wav */,
				E28D41B11192A2510094C255 /* see.wav */,
				E28D41B21192A2510094C255 /* siewdai.wav */,
			);
			name = soundclips;
			sourceTree = "<group>";
		};
/* End PBXGroup section */

/* Begin PBXNativeTarget section */
		1D6058900D05DD3D006BFB54 /* Kopi */ = {
			isa = PBXNativeTarget;
			buildConfigurationList = 1D6058960D05DD3E006BFB54 /* Build configuration list for PBXNativeTarget "Kopi" */;
			buildPhases = (
				1D60588D0D05DD3D006BFB54 /* Resources */,
				1D60588E0D05DD3D006BFB54 /* Sources */,
				1D60588F0D05DD3D006BFB54 /* Frameworks */,
			);
			buildRules = (
			);
			dependencies = (
			);
			name = Kopi;
			productName = Kopi;
			productReference = 1D6058910D05DD3D006BFB54 /* Kopi.app */;
			productType = "com.apple.product-type.application";
		};
/* End PBXNativeTarget section */

/* Begin PBXProject section */
		29B97313FDCFA39411CA2CEA /* Project object */ = {
			isa = PBXProject;
			buildConfigurationList = C01FCF4E08A954540054247B /* Build configuration list for PBXProject "Kopi" */;
			compatibilityVersion = "Xcode 3.1";
			hasScannedForEncodings = 1;
			mainGroup = 29B97314FDCFA39411CA2CEA /* CustomTemplate */;
			projectDirPath = "";
			projectRoot = "";
			targets = (
				1D6058900D05DD3D006BFB54 /* Kopi */,
			);
		};
/* End PBXProject section */

/* Begin PBXResourcesBuildPhase section */
		1D60588D0D05DD3D006BFB54 /* Resources */ = {
			isa = PBXResourcesBuildPhase;
			buildActionMask = 2147483647;
			files = (
				28AD733F0D9D9553002E5188 /* MainWindow.xib in Resources */,
				2899E5220DE3E06400AC0155 /* KopiViewController.xib in Resources */,
				E2BF14D41151D5C600E35F42 /* Drinks.plist in Resources */,
				E240AA3E1161F1C000CF98E3 /* KopiIcon.png in Resources */,
				E28D41B31192A2510094C255 /* gadai.wav in Resources */,
				E28D41B41192A2510094C255 /* gao.wav in Resources */,
				E28D41B51192A2510094C255 /* kopi.wav in Resources */,
				E28D41B61192A2510094C255 /* kosong.wav in Resources */,
				E28D41B71192A2510094C255 /* o.wav in Resources */,
				E28D41B81192A2510094C255 /* peng.wav in Resources */,
				E28D41B91192A2510094C255 /* p'oh.wav in Resources */,
				E28D41BA1192A2510094C255 /* see.wav in Resources */,
				E28D41BB1192A2510094C255 /* siewdai.wav in Resources */,
			);
			runOnlyForDeploymentPostprocessing = 0;
		};
/* End PBXResourcesBuildPhase section */

/* Begin PBXSourcesBuildPhase section */
		1D60588E0D05DD3D006BFB54 /* Sources */ = {
			isa = PBXSourcesBuildPhase;
			buildActionMask = 2147483647;
			files = (
				1D60589B0D05DD56006BFB54 /* main.m in Sources */,
				1D3623260D0F684500981E51 /* KopiAppDelegate.m in Sources */,
				28D7ACF80DDB3853001CB0EB /* KopiViewController.m in Sources */,
				E240AB091162026B00CF98E3 /* AdViewController.m in Sources */,
				E24BCB4011B3AFCA00627D62 /* ChlkBoard.m in Sources */,
				E24BCB9711B3B6CB00627D62 /* NSObject+SBJSON.m in Sources */,
				E24BCB9811B3B6CB00627D62 /* NSString+SBJSON.m in Sources */,
				E24BCB9911B3B6CB00627D62 /* SBJSON.m in Sources */,
				E24BCB9A11B3B6CB00627D62 /* SBJsonBase.m in Sources */,
				E24BCB9B11B3B6CB00627D62 /* SBJsonParser.m in Sources */,
				E24BCB9C11B3B6CB00627D62 /* SBJsonWriter.m in Sources */,
			);
			runOnlyForDeploymentPostprocessing = 0;
		};
/* End PBXSourcesBuildPhase section */

/* Begin XCBuildConfiguration section */
		1D6058940D05DD3E006BFB54 /* Debug */ = {
			isa = XCBuildConfiguration;
			buildSettings = {
				ALWAYS_SEARCH_USER_PATHS = NO;
				COPY_PHASE_STRIP = NO;
				GCC_DYNAMIC_NO_PIC = NO;
				GCC_OPTIMIZATION_LEVEL = 0;
				GCC_PRECOMPILE_PREFIX_HEADER = YES;
				GCC_PREFIX_HEADER = Kopi_Prefix.pch;
				INFOPLIST_FILE = "Kopi-Info.plist";
				LIBRARY_SEARCH_PATHS = (
					"$(inherited)",
					"\"$(SRCROOT)/Classes\"",
					"\"$(SRCROOT)/../../../iPhone/admob_iphone_sdk/extras\"",
				);
				PRODUCT_NAME = Kopi;
			};
			name = Debug;
		};
		1D6058950D05DD3E006BFB54 /* Release */ = {
			isa = XCBuildConfiguration;
			buildSettings = {
				ALWAYS_SEARCH_USER_PATHS = NO;
				COPY_PHASE_STRIP = YES;
				GCC_PRECOMPILE_PREFIX_HEADER = YES;
				GCC_PREFIX_HEADER = Kopi_Prefix.pch;
				INFOPLIST_FILE = "Kopi-Info.plist";
				LIBRARY_SEARCH_PATHS = (
					"$(inherited)",
					"\"$(SRCROOT)/Classes\"",
					"\"$(SRCROOT)/../../../iPhone/admob_iphone_sdk/extras\"",
				);
				PRODUCT_NAME = Kopi;
			};
			name = Release;
		};
		C01FCF4F08A954540054247B /* Debug */ = {
			isa = XCBuildConfiguration;
			buildSettings = {
				ARCHS = "$(ARCHS_STANDARD_32_BIT)";
				"CODE_SIGN_IDENTITY[sdk=iphoneos*]" = "iPhone Developer";
				GCC_C_LANGUAGE_STANDARD = c99;
				GCC_WARN_ABOUT_RETURN_TYPE = YES;
				GCC_WARN_UNUSED_VARIABLE = YES;
				PREBINDING = NO;
				SDKROOT = iphoneos3.1.3;
			};
			name = Debug;
		};
		C01FCF5008A954540054247B /* Release */ = {
			isa = XCBuildConfiguration;
			buildSettings = {
				ARCHS = "$(ARCHS_STANDARD_32_BIT)";
				"CODE_SIGN_IDENTITY[sdk=iphoneos*]" = "iPhone Developer";
				GCC_C_LANGUAGE_STANDARD = c99;
				GCC_WARN_ABOUT_RETURN_TYPE = YES;
				GCC_WARN_UNUSED_VARIABLE = YES;
				PREBINDING = NO;
				SDKROOT = iphoneos3.1.3;
			};
			name = Release;
		};
		E240A9F71161D44B00CF98E3 /* Distribution */ = {
			isa = XCBuildConfiguration;
			buildSettings = {
				ARCHS = "$(ARCHS_STANDARD_32_BIT)";
				"CODE_SIGN_IDENTITY[sdk=iphoneos*]" = "iPhone Distribution: Chua Rui Wen";
				GCC_C_LANGUAGE_STANDARD = c99;
				GCC_WARN_ABOUT_RETURN_TYPE = YES;
				GCC_WARN_UNUSED_VARIABLE = YES;
				PREBINDING = NO;
				"PROVISIONING_PROFILE[sdk=iphoneos*]" = "66BCD93E-EF34-4855-97C3-ED77CD59B4F2";
				SDKROOT = iphoneos3.1.3;
			};
			name = Distribution;
		};
		E240A9F81161D44B00CF98E3 /* Distribution */ = {
			isa = XCBuildConfiguration;
			buildSettings = {
				ALWAYS_SEARCH_USER_PATHS = NO;
				COPY_PHASE_STRIP = YES;
				GCC_PRECOMPILE_PREFIX_HEADER = YES;
				GCC_PREFIX_HEADER = Kopi_Prefix.pch;
				INFOPLIST_FILE = "Kopi-Info.plist";
				LIBRARY_SEARCH_PATHS = (
					"$(inherited)",
					"\"$(SRCROOT)/Classes\"",
					"\"$(SRCROOT)/../../../iPhone/admob_iphone_sdk/extras\"",
				);
				PRODUCT_NAME = Kopi;
			};
			name = Distribution;
		};
/* End XCBuildConfiguration section */

/* Begin XCConfigurationList section */
		1D6058960D05DD3E006BFB54 /* Build configuration list for PBXNativeTarget "Kopi" */ = {
			isa = XCConfigurationList;
			buildConfigurations = (
				1D6058940D05DD3E006BFB54 /* Debug */,
				1D6058950D05DD3E006BFB54 /* Release */,
				E240A9F81161D44B00CF98E3 /* Distribution */,
			);
			defaultConfigurationIsVisible = 0;
			defaultConfigurationName = Release;
		};
		C01FCF4E08A954540054247B /* Build configuration list for PBXProject "Kopi" */ = {
			isa = XCConfigurationList;
			buildConfigurations = (
				C01FCF4F08A954540054247B /* Debug */,
				C01FCF5008A954540054247B /* Release */,
				E240A9F71161D44B00CF98E3 /* Distribution */,
			);
			defaultConfigurationIsVisible = 0;
			defaultConfigurationName = Release;
		};
/* End XCConfigurationList section */
	};
	rootObject = 29B97313FDCFA39411CA2CEA /* Project object */;
}
